// !$*UTF8*$!
{
	archiveVersion = 1;
	classes = {
	};
	objectVersion = 48;
	objects = {

/* Begin PBXBuildFile section */
		836A05BC1F7F1A920032F986 /* AppDelegate.swift in Sources */ = {isa = PBXBuildFile; fileRef = 836A05BB1F7F1A920032F986 /* AppDelegate.swift */; };
		836A05BE1F7F1A920032F986 /* ViewController.swift in Sources */ = {isa = PBXBuildFile; fileRef = 836A05BD1F7F1A920032F986 /* ViewController.swift */; };
		836A05C11F7F1A920032F986 /* Main.storyboard in Resources */ = {isa = PBXBuildFile; fileRef = 836A05BF1F7F1A920032F986 /* Main.storyboard */; };
		836A05C31F7F1A920032F986 /* Assets.xcassets in Resources */ = {isa = PBXBuildFile; fileRef = 836A05C21F7F1A920032F986 /* Assets.xcassets */; };
		836A05C61F7F1A920032F986 /* LaunchScreen.storyboard in Resources */ = {isa = PBXBuildFile; fileRef = 836A05C41F7F1A920032F986 /* LaunchScreen.storyboard */; };
		836A05D01F7F1C0D0032F986 /* Secrets.swift in Sources */ = {isa = PBXBuildFile; fileRef = 836A05CF1F7F1C0D0032F986 /* Secrets.swift */; };
		836A05D81F7F1FE70032F986 /* GifAPIClient.swift in Sources */ = {isa = PBXBuildFile; fileRef = 836A05D71F7F1FE70032F986 /* GifAPIClient.swift */; };
		836A05DA1F7F205B0032F986 /* Constants.swift in Sources */ = {isa = PBXBuildFile; fileRef = 836A05D91F7F205B0032F986 /* Constants.swift */; };
		94D064022E1DB368B36F4CDA /* Pods_GIF_Searcher.framework in Frameworks */ = {isa = PBXBuildFile; fileRef = 5B36B8AF3F0772E0E1C6148A /* Pods_GIF_Searcher.framework */; };
/* End PBXBuildFile section */

/* Begin PBXFileReference section */
		5B36B8AF3F0772E0E1C6148A /* Pods_GIF_Searcher.framework */ = {isa = PBXFileReference; explicitFileType = wrapper.framework; includeInIndex = 0; path = Pods_GIF_Searcher.framework; sourceTree = BUILT_PRODUCTS_DIR; };
		678F0AA3240C80B9DB0F4894 /* Pods-GIF-Searcher.debug.xcconfig */ = {isa = PBXFileReference; includeInIndex = 1; lastKnownFileType = text.xcconfig; name = "Pods-GIF-Searcher.debug.xcconfig"; path = "Pods/Target Support Files/Pods-GIF-Searcher/Pods-GIF-Searcher.debug.xcconfig"; sourceTree = "<group>"; };
		8160D474CCCAD5D46D36F993 /* Pods-GIF-Searcher.release.xcconfig */ = {isa = PBXFileReference; includeInIndex = 1; lastKnownFileType = text.xcconfig; name = "Pods-GIF-Searcher.release.xcconfig"; path = "Pods/Target Support Files/Pods-GIF-Searcher/Pods-GIF-Searcher.release.xcconfig"; sourceTree = "<group>"; };
		836A05B81F7F1A920032F986 /* GIF-Searcher.app */ = {isa = PBXFileReference; explicitFileType = wrapper.application; includeInIndex = 0; path = "GIF-Searcher.app"; sourceTree = BUILT_PRODUCTS_DIR; };
		836A05BB1F7F1A920032F986 /* AppDelegate.swift */ = {isa = PBXFileReference; lastKnownFileType = sourcecode.swift; path = AppDelegate.swift; sourceTree = "<group>"; };
		836A05BD1F7F1A920032F986 /* ViewController.swift */ = {isa = PBXFileReference; lastKnownFileType = sourcecode.swift; path = ViewController.swift; sourceTree = "<group>"; };
		836A05C01F7F1A920032F986 /* Base */ = {isa = PBXFileReference; lastKnownFileType = file.storyboard; name = Base; path = Base.lproj/Main.storyboard; sourceTree = "<group>"; };
		836A05C21F7F1A920032F986 /* Assets.xcassets */ = {isa = PBXFileReference; lastKnownFileType = folder.assetcatalog; path = Assets.xcassets; sourceTree = "<group>"; };
		836A05C51F7F1A920032F986 /* Base */ = {isa = PBXFileReference; lastKnownFileType = file.storyboard; name = Base; path = Base.lproj/LaunchScreen.storyboard; sourceTree = "<group>"; };
		836A05C71F7F1A920032F986 /* Info.plist */ = {isa = PBXFileReference; lastKnownFileType = text.plist.xml; path = Info.plist; sourceTree = "<group>"; };
		836A05CF1F7F1C0D0032F986 /* Secrets.swift */ = {isa = PBXFileReference; lastKnownFileType = sourcecode.swift; path = Secrets.swift; sourceTree = "<group>"; };
		836A05D71F7F1FE70032F986 /* GifAPIClient.swift */ = {isa = PBXFileReference; lastKnownFileType = sourcecode.swift; path = GifAPIClient.swift; sourceTree = "<group>"; };
		836A05D91F7F205B0032F986 /* Constants.swift */ = {isa = PBXFileReference; lastKnownFileType = sourcecode.swift; path = Constants.swift; sourceTree = "<group>"; };
/* End PBXFileReference section */

/* Begin PBXFrameworksBuildPhase section */
		836A05B51F7F1A920032F986 /* Frameworks */ = {
			isa = PBXFrameworksBuildPhase;
			buildActionMask = 2147483647;
			files = (
				94D064022E1DB368B36F4CDA /* Pods_GIF_Searcher.framework in Frameworks */,
			);
			runOnlyForDeploymentPostprocessing = 0;
		};
/* End PBXFrameworksBuildPhase section */

/* Begin PBXGroup section */
		3232472E373EF4845C0EFDBF /* Frameworks */ = {
			isa = PBXGroup;
			children = (
				5B36B8AF3F0772E0E1C6148A /* Pods_GIF_Searcher.framework */,
			);
			name = Frameworks;
			sourceTree = "<group>";
		};
		50D0002A59743553F8BF2EE3 /* Pods */ = {
			isa = PBXGroup;
			children = (
				678F0AA3240C80B9DB0F4894 /* Pods-GIF-Searcher.debug.xcconfig */,
				8160D474CCCAD5D46D36F993 /* Pods-GIF-Searcher.release.xcconfig */,
			);
			name = Pods;
			sourceTree = "<group>";
		};
		836A05AF1F7F1A910032F986 = {
			isa = PBXGroup;
			children = (
				836A05BA1F7F1A920032F986 /* GIF-Searcher */,
				836A05B91F7F1A920032F986 /* Products */,
				50D0002A59743553F8BF2EE3 /* Pods */,
				3232472E373EF4845C0EFDBF /* Frameworks */,
			);
			sourceTree = "<group>";
		};
		836A05B91F7F1A920032F986 /* Products */ = {
			isa = PBXGroup;
			children = (
				836A05B81F7F1A920032F986 /* GIF-Searcher.app */,
			);
			name = Products;
			sourceTree = "<group>";
		};
		836A05BA1F7F1A920032F986 /* GIF-Searcher */ = {
			isa = PBXGroup;
			children = (
				836A05C71F7F1A920032F986 /* Info.plist */,
				836A05BB1F7F1A920032F986 /* AppDelegate.swift */,
				836A05BD1F7F1A920032F986 /* ViewController.swift */,
				836A05C21F7F1A920032F986 /* Assets.xcassets */,
				836A05D41F7F1DEB0032F986 /* Controller */,
				836A05D21F7F1DD60032F986 /* Model */,
				836A05D61F7F1FC90032F986 /* Networking Service */,
				836A05D11F7F1DCD0032F986 /* Utilities */,
				836A05D31F7F1DE60032F986 /* View */,
				836A05D51F7F1DF10032F986 /* View Model */,
			);
			path = "GIF-Searcher";
			sourceTree = "<group>";
		};
		836A05D11F7F1DCD0032F986 /* Utilities */ = {
			isa = PBXGroup;
			children = (
				836A05D91F7F205B0032F986 /* Constants.swift */,
				836A05CF1F7F1C0D0032F986 /* Secrets.swift */,
			);
			path = Utilities;
			sourceTree = "<group>";
		};
		836A05D21F7F1DD60032F986 /* Model */ = {
			isa = PBXGroup;
			children = (
			);
			path = Model;
			sourceTree = "<group>";
		};
		836A05D31F7F1DE60032F986 /* View */ = {
			isa = PBXGroup;
			children = (
				836A05C41F7F1A920032F986 /* LaunchScreen.storyboard */,
				836A05BF1F7F1A920032F986 /* Main.storyboard */,
			);
			path = View;
			sourceTree = "<group>";
		};
		836A05D41F7F1DEB0032F986 /* Controller */ = {
			isa = PBXGroup;
			children = (
			);
			path = Controller;
			sourceTree = "<group>";
		};
		836A05D51F7F1DF10032F986 /* View Model */ = {
			isa = PBXGroup;
			children = (
			);
			path = "View Model";
			sourceTree = "<group>";
		};
		836A05D61F7F1FC90032F986 /* Networking Service */ = {
			isa = PBXGroup;
			children = (
				836A05D71F7F1FE70032F986 /* GifAPIClient.swift */,
			);
			path = "Networking Service";
			sourceTree = "<group>";
		};
/* End PBXGroup section */

/* Begin PBXNativeTarget section */
		836A05B71F7F1A920032F986 /* GIF-Searcher */ = {
			isa = PBXNativeTarget;
			buildConfigurationList = 836A05CA1F7F1A920032F986 /* Build configuration list for PBXNativeTarget "GIF-Searcher" */;
			buildPhases = (
				544AF4D9DF9386EBCF76C8D8 /* [CP] Check Pods Manifest.lock */,
				836A05B41F7F1A920032F986 /* Sources */,
				836A05B51F7F1A920032F986 /* Frameworks */,
				836A05B61F7F1A920032F986 /* Resources */,
				0236CBA3A22F82F936CD1338 /* [CP] Embed Pods Frameworks */,
				C859B739C5E68282FFE0CCA2 /* [CP] Copy Pods Resources */,
			);
			buildRules = (
			);
			dependencies = (
			);
			name = "GIF-Searcher";
			productName = "GIF-Searcher";
			productReference = 836A05B81F7F1A920032F986 /* GIF-Searcher.app */;
			productType = "com.apple.product-type.application";
		};
/* End PBXNativeTarget section */

/* Begin PBXProject section */
		836A05B01F7F1A910032F986 /* Project object */ = {
			isa = PBXProject;
			attributes = {
				LastSwiftUpdateCheck = 0900;
				LastUpgradeCheck = 0900;
				ORGANIZATIONNAME = "Jhantelle Belleza";
				TargetAttributes = {
					836A05B71F7F1A920032F986 = {
						CreatedOnToolsVersion = 9.0;
						ProvisioningStyle = Automatic;
					};
				};
			};
			buildConfigurationList = 836A05B31F7F1A910032F986 /* Build configuration list for PBXProject "GIF-Searcher" */;
			compatibilityVersion = "Xcode 8.0";
			developmentRegion = en;
			hasScannedForEncodings = 0;
			knownRegions = (
				en,
				Base,
			);
			mainGroup = 836A05AF1F7F1A910032F986;
			productRefGroup = 836A05B91F7F1A920032F986 /* Products */;
			projectDirPath = "";
			projectRoot = "";
			targets = (
				836A05B71F7F1A920032F986 /* GIF-Searcher */,
			);
		};
/* End PBXProject section */

/* Begin PBXResourcesBuildPhase section */
		836A05B61F7F1A920032F986 /* Resources */ = {
			isa = PBXResourcesBuildPhase;
			buildActionMask = 2147483647;
			files = (
				836A05C61F7F1A920032F986 /* LaunchScreen.storyboard in Resources */,
				836A05C31F7F1A920032F986 /* Assets.xcassets in Resources */,
				836A05C11F7F1A920032F986 /* Main.storyboard in Resources */,
			);
			runOnlyForDeploymentPostprocessing = 0;
		};
/* End PBXResourcesBuildPhase section */

/* Begin PBXShellScriptBuildPhase section */
		0236CBA3A22F82F936CD1338 /* [CP] Embed Pods Frameworks */ = {
			isa = PBXShellScriptBuildPhase;
			buildActionMask = 2147483647;
			files = (
			);
			inputPaths = (
				"${SRCROOT}/Pods/Target Support Files/Pods-GIF-Searcher/Pods-GIF-Searcher-frameworks.sh",
				"${BUILT_PRODUCTS_DIR}/Alamofire/Alamofire.framework",
				"${BUILT_PRODUCTS_DIR}/SwiftyJSON/SwiftyJSON.framework",
			);
			name = "[CP] Embed Pods Frameworks";
			outputPaths = (
				"${TARGET_BUILD_DIR}/${FRAMEWORKS_FOLDER_PATH}/Alamofire.framework",
				"${TARGET_BUILD_DIR}/${FRAMEWORKS_FOLDER_PATH}/SwiftyJSON.framework",
			);
			runOnlyForDeploymentPostprocessing = 0;
			shellPath = /bin/sh;
			shellScript = "\"${SRCROOT}/Pods/Target Support Files/Pods-GIF-Searcher/Pods-GIF-Searcher-frameworks.sh\"\n";
			showEnvVarsInLog = 0;
		};
		544AF4D9DF9386EBCF76C8D8 /* [CP] Check Pods Manifest.lock */ = {
			isa = PBXShellScriptBuildPhase;
			buildActionMask = 2147483647;
			files = (
			);
			inputPaths = (
				"${PODS_PODFILE_DIR_PATH}/Podfile.lock",
				"${PODS_ROOT}/Manifest.lock",
			);
			name = "[CP] Check Pods Manifest.lock";
			outputPaths = (
				"$(DERIVED_FILE_DIR)/Pods-GIF-Searcher-checkManifestLockResult.txt",
			);
			runOnlyForDeploymentPostprocessing = 0;
			shellPath = /bin/sh;
			shellScript = "diff \"${PODS_PODFILE_DIR_PATH}/Podfile.lock\" \"${PODS_ROOT}/Manifest.lock\" > /dev/null\nif [ $? != 0 ] ; then\n    # print error to STDERR\n    echo \"error: The sandbox is not in sync with the Podfile.lock. Run 'pod install' or update your CocoaPods installation.\" >&2\n    exit 1\nfi\n# This output is used by Xcode 'outputs' to avoid re-running this script phase.\necho \"SUCCESS\" > \"${SCRIPT_OUTPUT_FILE_0}\"\n";
			showEnvVarsInLog = 0;
		};
		C859B739C5E68282FFE0CCA2 /* [CP] Copy Pods Resources */ = {
			isa = PBXShellScriptBuildPhase;
			buildActionMask = 2147483647;
			files = (
			);
			inputPaths = (
			);
			name = "[CP] Copy Pods Resources";
			outputPaths = (
			);
			runOnlyForDeploymentPostprocessing = 0;
			shellPath = /bin/sh;
			shellScript = "\"${SRCROOT}/Pods/Target Support Files/Pods-GIF-Searcher/Pods-GIF-Searcher-resources.sh\"\n";
			showEnvVarsInLog = 0;
		};
/* End PBXShellScriptBuildPhase section */

/* Begin PBXSourcesBuildPhase section */
		836A05B41F7F1A920032F986 /* Sources */ = {
			isa = PBXSourcesBuildPhase;
			buildActionMask = 2147483647;
			files = (
				836A05DA1F7F205B0032F986 /* Constants.swift in Sources */,
				836A05BE1F7F1A920032F986 /* ViewController.swift in Sources */,
				836A05D01F7F1C0D0032F986 /* Secrets.swift in Sources */,
				836A05BC1F7F1A920032F986 /* AppDelegate.swift in Sources */,
				836A05D81F7F1FE70032F986 /* GifAPIClient.swift in Sources */,
			);
			runOnlyForDeploymentPostprocessing = 0;
		};
/* End PBXSourcesBuildPhase section */

/* Begin PBXVariantGroup section */
		836A05BF1F7F1A920032F986 /* Main.storyboard */ = {
			isa = PBXVariantGroup;
			children = (
				836A05C01F7F1A920032F986 /* Base */,
			);
			name = Main.storyboard;
			sourceTree = "<group>";
		};
		836A05C41F7F1A920032F986 /* LaunchScreen.storyboard */ = {
			isa = PBXVariantGroup;
			children = (
				836A05C51F7F1A920032F986 /* Base */,
			);
			name = LaunchScreen.storyboard;
			sourceTree = "<group>";
		};
/* End PBXVariantGroup section */

/* Begin XCBuildConfiguration section */
		836A05C81F7F1A920032F986 /* Debug */ = {
			isa = XCBuildConfiguration;
			buildSettings = {
				ALWAYS_SEARCH_USER_PATHS = NO;
				CLANG_ANALYZER_NONNULL = YES;
				CLANG_ANALYZER_NUMBER_OBJECT_CONVERSION = YES_AGGRESSIVE;
				CLANG_CXX_LANGUAGE_STANDARD = "gnu++14";
				CLANG_CXX_LIBRARY = "libc++";
				CLANG_ENABLE_MODULES = YES;
				CLANG_ENABLE_OBJC_ARC = YES;
				CLANG_WARN_BLOCK_CAPTURE_AUTORELEASING = YES;
				CLANG_WARN_BOOL_CONVERSION = YES;
				CLANG_WARN_COMMA = YES;
				CLANG_WARN_CONSTANT_CONVERSION = YES;
				CLANG_WARN_DIRECT_OBJC_ISA_USAGE = YES_ERROR;
				CLANG_WARN_DOCUMENTATION_COMMENTS = YES;
				CLANG_WARN_EMPTY_BODY = YES;
				CLANG_WARN_ENUM_CONVERSION = YES;
				CLANG_WARN_INFINITE_RECURSION = YES;
				CLANG_WARN_INT_CONVERSION = YES;
				CLANG_WARN_NON_LITERAL_NULL_CONVERSION = YES;
				CLANG_WARN_OBJC_LITERAL_CONVERSION = YES;
				CLANG_WARN_OBJC_ROOT_CLASS = YES_ERROR;
				CLANG_WARN_RANGE_LOOP_ANALYSIS = YES;
				CLANG_WARN_STRICT_PROTOTYPES = YES;
				CLANG_WARN_SUSPICIOUS_MOVE = YES;
				CLANG_WARN_UNGUARDED_AVAILABILITY = YES_AGGRESSIVE;
				CLANG_WARN_UNREACHABLE_CODE = YES;
				CLANG_WARN__DUPLICATE_METHOD_MATCH = YES;
				CODE_SIGN_IDENTITY = "iPhone Developer";
				COPY_PHASE_STRIP = NO;
				DEBUG_INFORMATION_FORMAT = dwarf;
				ENABLE_STRICT_OBJC_MSGSEND = YES;
				ENABLE_TESTABILITY = YES;
				GCC_C_LANGUAGE_STANDARD = gnu11;
				GCC_DYNAMIC_NO_PIC = NO;
				GCC_NO_COMMON_BLOCKS = YES;
				GCC_OPTIMIZATION_LEVEL = 0;
				GCC_PREPROCESSOR_DEFINITIONS = (
					"DEBUG=1",
					"$(inherited)",
				);
				GCC_WARN_64_TO_32_BIT_CONVERSION = YES;
				GCC_WARN_ABOUT_RETURN_TYPE = YES_ERROR;
				GCC_WARN_UNDECLARED_SELECTOR = YES;
				GCC_WARN_UNINITIALIZED_AUTOS = YES_AGGRESSIVE;
				GCC_WARN_UNUSED_FUNCTION = YES;
				GCC_WARN_UNUSED_VARIABLE = YES;
				IPHONEOS_DEPLOYMENT_TARGET = 11.0;
				MTL_ENABLE_DEBUG_INFO = YES;
				ONLY_ACTIVE_ARCH = YES;
				SDKROOT = iphoneos;
				SWIFT_ACTIVE_COMPILATION_CONDITIONS = DEBUG;
				SWIFT_OPTIMIZATION_LEVEL = "-Onone";
			};
			name = Debug;
		};
		836A05C91F7F1A920032F986 /* Release */ = {
			isa = XCBuildConfiguration;
			buildSettings = {
				ALWAYS_SEARCH_USER_PATHS = NO;
				CLANG_ANALYZER_NONNULL = YES;
				CLANG_ANALYZER_NUMBER_OBJECT_CONVERSION = YES_AGGRESSIVE;
				CLANG_CXX_LANGUAGE_STANDARD = "gnu++14";
				CLANG_CXX_LIBRARY = "libc++";
				CLANG_ENABLE_MODULES = YES;
				CLANG_ENABLE_OBJC_ARC = YES;
				CLANG_WARN_BLOCK_CAPTURE_AUTORELEASING = YES;
				CLANG_WARN_BOOL_CONVERSION = YES;
				CLANG_WARN_COMMA = YES;
				CLANG_WARN_CONSTANT_CONVERSION = YES;
				CLANG_WARN_DIRECT_OBJC_ISA_USAGE = YES_ERROR;
				CLANG_WARN_DOCUMENTATION_COMMENTS = YES;
				CLANG_WARN_EMPTY_BODY = YES;
				CLANG_WARN_ENUM_CONVERSION = YES;
				CLANG_WARN_INFINITE_RECURSION = YES;
				CLANG_WARN_INT_CONVERSION = YES;
				CLANG_WARN_NON_LITERAL_NULL_CONVERSION = YES;
				CLANG_WARN_OBJC_LITERAL_CONVERSION = YES;
				CLANG_WARN_OBJC_ROOT_CLASS = YES_ERROR;
				CLANG_WARN_RANGE_LOOP_ANALYSIS = YES;
				CLANG_WARN_STRICT_PROTOTYPES = YES;
				CLANG_WARN_SUSPICIOUS_MOVE = YES;
				CLANG_WARN_UNGUARDED_AVAILABILITY = YES_AGGRESSIVE;
				CLANG_WARN_UNREACHABLE_CODE = YES;
				CLANG_WARN__DUPLICATE_METHOD_MATCH = YES;
				CODE_SIGN_IDENTITY = "iPhone Developer";
				COPY_PHASE_STRIP = NO;
				DEBUG_INFORMATION_FORMAT = "dwarf-with-dsym";
				ENABLE_NS_ASSERTIONS = NO;
				ENABLE_STRICT_OBJC_MSGSEND = YES;
				GCC_C_LANGUAGE_STANDARD = gnu11;
				GCC_NO_COMMON_BLOCKS = YES;
				GCC_WARN_64_TO_32_BIT_CONVERSION = YES;
				GCC_WARN_ABOUT_RETURN_TYPE = YES_ERROR;
				GCC_WARN_UNDECLARED_SELECTOR = YES;
				GCC_WARN_UNINITIALIZED_AUTOS = YES_AGGRESSIVE;
				GCC_WARN_UNUSED_FUNCTION = YES;
				GCC_WARN_UNUSED_VARIABLE = YES;
				IPHONEOS_DEPLOYMENT_TARGET = 11.0;
				MTL_ENABLE_DEBUG_INFO = NO;
				SDKROOT = iphoneos;
				SWIFT_OPTIMIZATION_LEVEL = "-Owholemodule";
				VALIDATE_PRODUCT = YES;
			};
			name = Release;
		};
		836A05CB1F7F1A920032F986 /* Debug */ = {
			isa = XCBuildConfiguration;
			baseConfigurationReference = 678F0AA3240C80B9DB0F4894 /* Pods-GIF-Searcher.debug.xcconfig */;
			buildSettings = {
				ASSETCATALOG_COMPILER_APPICON_NAME = AppIcon;
				CODE_SIGN_STYLE = Automatic;
				DEVELOPMENT_TEAM = HGB76Z9G3B;
				INFOPLIST_FILE = "GIF-Searcher/Info.plist";
				LD_RUNPATH_SEARCH_PATHS = "$(inherited) @executable_path/Frameworks";
				PRODUCT_BUNDLE_IDENTIFIER = "com.jhantelleb.GIF-Searcher";
				PRODUCT_NAME = "$(TARGET_NAME)";
				SWIFT_VERSION = 4.0;
				TARGETED_DEVICE_FAMILY = "1,2";
			};
			name = Debug;
		};
		836A05CC1F7F1A920032F986 /* Release */ = {
			isa = XCBuildConfiguration;
			baseConfigurationReference = 8160D474CCCAD5D46D36F993 /* Pods-GIF-Searcher.release.xcconfig */;
			buildSettings = {
				ASSETCATALOG_COMPILER_APPICON_NAME = AppIcon;
				CODE_SIGN_STYLE = Automatic;
				DEVELOPMENT_TEAM = HGB76Z9G3B;
				INFOPLIST_FILE = "GIF-Searcher/Info.plist";
				LD_RUNPATH_SEARCH_PATHS = "$(inherited) @executable_path/Frameworks";
				PRODUCT_BUNDLE_IDENTIFIER = "com.jhantelleb.GIF-Searcher";
				PRODUCT_NAME = "$(TARGET_NAME)";
				SWIFT_VERSION = 4.0;
				TARGETED_DEVICE_FAMILY = "1,2";
			};
			name = Release;
		};
/* End XCBuildConfiguration section */

/* Begin XCConfigurationList section */
		836A05B31F7F1A910032F986 /* Build configuration list for PBXProject "GIF-Searcher" */ = {
			isa = XCConfigurationList;
			buildConfigurations = (
				836A05C81F7F1A920032F986 /* Debug */,
				836A05C91F7F1A920032F986 /* Release */,
			);
			defaultConfigurationIsVisible = 0;
			defaultConfigurationName = Release;
		};
		836A05CA1F7F1A920032F986 /* Build configuration list for PBXNativeTarget "GIF-Searcher" */ = {
			isa = XCConfigurationList;
			buildConfigurations = (
				836A05CB1F7F1A920032F986 /* Debug */,
				836A05CC1F7F1A920032F986 /* Release */,
			);
			defaultConfigurationIsVisible = 0;
			defaultConfigurationName = Release;
		};
/* End XCConfigurationList section */
	};
	rootObject = 836A05B01F7F1A910032F986 /* Project object */;
}
